// !$*UTF8*$!
{
	archiveVersion = 1;
	classes = {
	};
	objectVersion = 55;
	objects = {

/* Begin PBXBuildFile section */
		3521E8F62825DDAC00F27CAD /* AppDelegate.swift in Sources */ = {isa = PBXBuildFile; fileRef = 3521E8F52825DDAC00F27CAD /* AppDelegate.swift */; };
		3521E8F82825DDAC00F27CAD /* SceneDelegate.swift in Sources */ = {isa = PBXBuildFile; fileRef = 3521E8F72825DDAC00F27CAD /* SceneDelegate.swift */; };
		3521E8FA2825DDAC00F27CAD /* ViewController.swift in Sources */ = {isa = PBXBuildFile; fileRef = 3521E8F92825DDAC00F27CAD /* ViewController.swift */; };
		3521E8FD2825DDAC00F27CAD /* Main.storyboard in Resources */ = {isa = PBXBuildFile; fileRef = 3521E8FB2825DDAC00F27CAD /* Main.storyboard */; };
		3521E9002825DDAC00F27CAD /* NatureBook.xcdatamodeld in Sources */ = {isa = PBXBuildFile; fileRef = 3521E8FE2825DDAC00F27CAD /* NatureBook.xcdatamodeld */; };
		3521E9022825DDAE00F27CAD /* Assets.xcassets in Resources */ = {isa = PBXBuildFile; fileRef = 3521E9012825DDAE00F27CAD /* Assets.xcassets */; };
		3521E9052825DDAE00F27CAD /* LaunchScreen.storyboard in Resources */ = {isa = PBXBuildFile; fileRef = 3521E9032825DDAE00F27CAD /* LaunchScreen.storyboard */; };
		3521E90D2825DE3400F27CAD /* SecondViewController.swift in Sources */ = {isa = PBXBuildFile; fileRef = 3521E90C2825DE3400F27CAD /* SecondViewController.swift */; };
/* End PBXBuildFile section */

/* Begin PBXFileReference section */
		3521E8F22825DDAC00F27CAD /* NatureBook.app */ = {isa = PBXFileReference; explicitFileType = wrapper.application; includeInIndex = 0; path = NatureBook.app; sourceTree = BUILT_PRODUCTS_DIR; };
		3521E8F52825DDAC00F27CAD /* AppDelegate.swift */ = {isa = PBXFileReference; lastKnownFileType = sourcecode.swift; path = AppDelegate.swift; sourceTree = "<group>"; };
		3521E8F72825DDAC00F27CAD /* SceneDelegate.swift */ = {isa = PBXFileReference; lastKnownFileType = sourcecode.swift; path = SceneDelegate.swift; sourceTree = "<group>"; };
		3521E8F92825DDAC00F27CAD /* ViewController.swift */ = {isa = PBXFileReference; lastKnownFileType = sourcecode.swift; path = ViewController.swift; sourceTree = "<group>"; };
		3521E8FC2825DDAC00F27CAD /* Base */ = {isa = PBXFileReference; lastKnownFileType = file.storyboard; name = Base; path = Base.lproj/Main.storyboard; sourceTree = "<group>"; };
		3521E8FF2825DDAC00F27CAD /* NatureBook.xcdatamodel */ = {isa = PBXFileReference; lastKnownFileType = wrapper.xcdatamodel; path = NatureBook.xcdatamodel; sourceTree = "<group>"; };
		3521E9012825DDAE00F27CAD /* Assets.xcassets */ = {isa = PBXFileReference; lastKnownFileType = folder.assetcatalog; path = Assets.xcassets; sourceTree = "<group>"; };
		3521E9042825DDAE00F27CAD /* Base */ = {isa = PBXFileReference; lastKnownFileType = file.storyboard; name = Base; path = Base.lproj/LaunchScreen.storyboard; sourceTree = "<group>"; };
		3521E9062825DDAE00F27CAD /* Info.plist */ = {isa = PBXFileReference; lastKnownFileType = text.plist.xml; path = Info.plist; sourceTree = "<group>"; };
		3521E90C2825DE3400F27CAD /* SecondViewController.swift */ = {isa = PBXFileReference; lastKnownFileType = sourcecode.swift; path = SecondViewController.swift; sourceTree = "<group>"; };
/* End PBXFileReference section */

/* Begin PBXFrameworksBuildPhase section */
		3521E8EF2825DDAC00F27CAD /* Frameworks */ = {
			isa = PBXFrameworksBuildPhase;
			buildActionMask = 2147483647;
			files = (
			);
			runOnlyForDeploymentPostprocessing = 0;
		};
/* End PBXFrameworksBuildPhase section */

/* Begin PBXGroup section */
		3521E8E92825DDAC00F27CAD = {
			isa = PBXGroup;
			children = (
				3521E8F42825DDAC00F27CAD /* NatureBook */,
				3521E8F32825DDAC00F27CAD /* Products */,
			);
			sourceTree = "<group>";
		};
		3521E8F32825DDAC00F27CAD /* Products */ = {
			isa = PBXGroup;
			children = (
				3521E8F22825DDAC00F27CAD /* NatureBook.app */,
			);
			name = Products;
			sourceTree = "<group>";
		};
		3521E8F42825DDAC00F27CAD /* NatureBook */ = {
			isa = PBXGroup;
			children = (
				3521E8F52825DDAC00F27CAD /* AppDelegate.swift */,
				3521E8F72825DDAC00F27CAD /* SceneDelegate.swift */,
				3521E8F92825DDAC00F27CAD /* ViewController.swift */,
				3521E8FB2825DDAC00F27CAD /* Main.storyboard */,
				3521E9012825DDAE00F27CAD /* Assets.xcassets */,
				3521E9032825DDAE00F27CAD /* LaunchScreen.storyboard */,
				3521E9062825DDAE00F27CAD /* Info.plist */,
				3521E8FE2825DDAC00F27CAD /* NatureBook.xcdatamodeld */,
				3521E90C2825DE3400F27CAD /* SecondViewController.swift */,
			);
			path = NatureBook;
			sourceTree = "<group>";
		};
/* End PBXGroup section */

/* Begin PBXNativeTarget section */
		3521E8F12825DDAC00F27CAD /* NatureBook */ = {
			isa = PBXNativeTarget;
			buildConfigurationList = 3521E9092825DDAE00F27CAD /* Build configuration list for PBXNativeTarget "NatureBook" */;
			buildPhases = (
				3521E8EE2825DDAC00F27CAD /* Sources */,
				3521E8EF2825DDAC00F27CAD /* Frameworks */,
				3521E8F02825DDAC00F27CAD /* Resources */,
			);
			buildRules = (
			);
			dependencies = (
			);
			name = NatureBook;
			productName = NatureBook;
			productReference = 3521E8F22825DDAC00F27CAD /* NatureBook.app */;
			productType = "com.apple.product-type.application";
		};
/* End PBXNativeTarget section */

/* Begin PBXProject section */
		3521E8EA2825DDAC00F27CAD /* Project object */ = {
			isa = PBXProject;
			attributes = {
				BuildIndependentTargetsInParallel = 1;
				LastSwiftUpdateCheck = 1330;
				LastUpgradeCheck = 1330;
				TargetAttributes = {
					3521E8F12825DDAC00F27CAD = {
						CreatedOnToolsVersion = 13.3;
					};
				};
			};
			buildConfigurationList = 3521E8ED2825DDAC00F27CAD /* Build configuration list for PBXProject "NatureBook" */;
			compatibilityVersion = "Xcode 13.0";
			developmentRegion = en;
			hasScannedForEncodings = 0;
			knownRegions = (
				en,
				Base,
			);
			mainGroup = 3521E8E92825DDAC00F27CAD;
			productRefGroup = 3521E8F32825DDAC00F27CAD /* Products */;
			projectDirPath = "";
			projectRoot = "";
			targets = (
				3521E8F12825DDAC00F27CAD /* NatureBook */,
			);
		};
/* End PBXProject section */

/* Begin PBXResourcesBuildPhase section */
		3521E8F02825DDAC00F27CAD /* Resources */ = {
			isa = PBXResourcesBuildPhase;
			buildActionMask = 2147483647;
			files = (
				3521E9052825DDAE00F27CAD /* LaunchScreen.storyboard in Resources */,
				3521E9022825DDAE00F27CAD /* Assets.xcassets in Resources */,
				3521E8FD2825DDAC00F27CAD /* Main.storyboard in Resources */,
			);
			runOnlyForDeploymentPostprocessing = 0;
		};
/* End PBXResourcesBuildPhase section */

/* Begin PBXSourcesBuildPhase section */
		3521E8EE2825DDAC00F27CAD /* Sources */ = {
			isa = PBXSourcesBuildPhase;
			buildActionMask = 2147483647;
			files = (
				3521E8FA2825DDAC00F27CAD /* ViewController.swift in Sources */,
				3521E9002825DDAC00F27CAD /* NatureBook.xcdatamodeld in Sources */,
				3521E8F62825DDAC00F27CAD /* AppDelegate.swift in Sources */,
				3521E90D2825DE3400F27CAD /* SecondViewController.swift in Sources */,
				3521E8F82825DDAC00F27CAD /* SceneDelegate.swift in Sources */,
			);
			runOnlyForDeploymentPostprocessing = 0;
		};
/* End PBXSourcesBuildPhase section */

/* Begin PBXVariantGroup section */
		3521E8FB2825DDAC00F27CAD /* Main.storyboard */ = {
			isa = PBXVariantGroup;
			children = (
				3521E8FC2825DDAC00F27CAD /* Base */,
			);
			name = Main.storyboard;
			sourceTree = "<group>";
		};
		3521E9032825DDAE00F27CAD /* LaunchScreen.storyboard */ = {
			isa = PBXVariantGroup;
			children = (
				3521E9042825DDAE00F27CAD /* Base */,
			);
			name = LaunchScreen.storyboard;
			sourceTree = "<group>";
		};
/* End PBXVariantGroup section */

/* Begin XCBuildConfiguration section */
		3521E9072825DDAE00F27CAD /* Debug */ = {
			isa = XCBuildConfiguration;
			buildSettings = {
				ALWAYS_SEARCH_USER_PATHS = NO;
				CLANG_ANALYZER_NONNULL = YES;
				CLANG_ANALYZER_NUMBER_OBJECT_CONVERSION = YES_AGGRESSIVE;
				CLANG_CXX_LANGUAGE_STANDARD = "gnu++17";
				CLANG_ENABLE_MODULES = YES;
				CLANG_ENABLE_OBJC_ARC = YES;
				CLANG_ENABLE_OBJC_WEAK = YES;
				CLANG_WARN_BLOCK_CAPTURE_AUTORELEASING = YES;
				CLANG_WARN_BOOL_CONVERSION = YES;
				CLANG_WARN_COMMA = YES;
				CLANG_WARN_CONSTANT_CONVERSION = YES;
				CLANG_WARN_DEPRECATED_OBJC_IMPLEMENTATIONS = YES;
				CLANG_WARN_DIRECT_OBJC_ISA_USAGE = YES_ERROR;
				CLANG_WARN_DOCUMENTATION_COMMENTS = YES;
				CLANG_WARN_EMPTY_BODY = YES;
				CLANG_WARN_ENUM_CONVERSION = YES;
				CLANG_WARN_INFINITE_RECURSION = YES;
				CLANG_WARN_INT_CONVERSION = YES;
				CLANG_WARN_NON_LITERAL_NULL_CONVERSION = YES;
				CLANG_WARN_OBJC_IMPLICIT_RETAIN_SELF = YES;
				CLANG_WARN_OBJC_LITERAL_CONVERSION = YES;
				CLANG_WARN_OBJC_ROOT_CLASS = YES_ERROR;
				CLANG_WARN_QUOTED_INCLUDE_IN_FRAMEWORK_HEADER = YES;
				CLANG_WARN_RANGE_LOOP_ANALYSIS = YES;
				CLANG_WARN_STRICT_PROTOTYPES = YES;
				CLANG_WARN_SUSPICIOUS_MOVE = YES;
				CLANG_WARN_UNGUARDED_AVAILABILITY = YES_AGGRESSIVE;
				CLANG_WARN_UNREACHABLE_CODE = YES;
				CLANG_WARN__DUPLICATE_METHOD_MATCH = YES;
				COPY_PHASE_STRIP = NO;
				DEBUG_INFORMATION_FORMAT = dwarf;
				ENABLE_STRICT_OBJC_MSGSEND = YES;
				ENABLE_TESTABILITY = YES;
				GCC_C_LANGUAGE_STANDARD = gnu11;
				GCC_DYNAMIC_NO_PIC = NO;
				GCC_NO_COMMON_BLOCKS = YES;
				GCC_OPTIMIZATION_LEVEL = 0;
				GCC_PREPROCESSOR_DEFINITIONS = (
					"DEBUG=1",
					"$(inherited)",
				);
				GCC_WARN_64_TO_32_BIT_CONVERSION = YES;
				GCC_WARN_ABOUT_RETURN_TYPE = YES_ERROR;
				GCC_WARN_UNDECLARED_SELECTOR = YES;
				GCC_WARN_UNINITIALIZED_AUTOS = YES_AGGRESSIVE;
				GCC_WARN_UNUSED_FUNCTION = YES;
				GCC_WARN_UNUSED_VARIABLE = YES;
				IPHONEOS_DEPLOYMENT_TARGET = 15.4;
				MTL_ENABLE_DEBUG_INFO = INCLUDE_SOURCE;
				MTL_FAST_MATH = YES;
				ONLY_ACTIVE_ARCH = YES;
				SDKROOT = iphoneos;
				SWIFT_ACTIVE_COMPILATION_CONDITIONS = DEBUG;
				SWIFT_OPTIMIZATION_LEVEL = "-Onone";
			};
			name = Debug;
		};
		3521E9082825DDAE00F27CAD /* Release */ = {
			isa = XCBuildConfiguration;
			buildSettings = {
				ALWAYS_SEARCH_USER_PATHS = NO;
				CLANG_ANALYZER_NONNULL = YES;
				CLANG_ANALYZER_NUMBER_OBJECT_CONVERSION = YES_AGGRESSIVE;
				CLANG_CXX_LANGUAGE_STANDARD = "gnu++17";
				CLANG_ENABLE_MODULES = YES;
				CLANG_ENABLE_OBJC_ARC = YES;
				CLANG_ENABLE_OBJC_WEAK = YES;
				CLANG_WARN_BLOCK_CAPTURE_AUTORELEASING = YES;
				CLANG_WARN_BOOL_CONVERSION = YES;
				CLANG_WARN_COMMA = YES;
				CLANG_WARN_CONSTANT_CONVERSION = YES;
				CLANG_WARN_DEPRECATED_OBJC_IMPLEMENTATIONS = YES;
				CLANG_WARN_DIRECT_OBJC_ISA_USAGE = YES_ERROR;
				CLANG_WARN_DOCUMENTATION_COMMENTS = YES;
				CLANG_WARN_EMPTY_BODY = YES;
				CLANG_WARN_ENUM_CONVERSION = YES;
				CLANG_WARN_INFINITE_RECURSION = YES;
				CLANG_WARN_INT_CONVERSION = YES;
				CLANG_WARN_NON_LITERAL_NULL_CONVERSION = YES;
				CLANG_WARN_OBJC_IMPLICIT_RETAIN_SELF = YES;
				CLANG_WARN_OBJC_LITERAL_CONVERSION = YES;
				CLANG_WARN_OBJC_ROOT_CLASS = YES_ERROR;
				CLANG_WARN_QUOTED_INCLUDE_IN_FRAMEWORK_HEADER = YES;
				CLANG_WARN_RANGE_LOOP_ANALYSIS = YES;
				CLANG_WARN_STRICT_PROTOTYPES = YES;
				CLANG_WARN_SUSPICIOUS_MOVE = YES;
				CLANG_WARN_UNGUARDED_AVAILABILITY = YES_AGGRESSIVE;
				CLANG_WARN_UNREACHABLE_CODE = YES;
				CLANG_WARN__DUPLICATE_METHOD_MATCH = YES;
				COPY_PHASE_STRIP = NO;
				DEBUG_INFORMATION_FORMAT = "dwarf-with-dsym";
				ENABLE_NS_ASSERTIONS = NO;
				ENABLE_STRICT_OBJC_MSGSEND = YES;
				GCC_C_LANGUAGE_STANDARD = gnu11;
				GCC_NO_COMMON_BLOCKS = YES;
				GCC_WARN_64_TO_32_BIT_CONVERSION = YES;
				GCC_WARN_ABOUT_RETURN_TYPE = YES_ERROR;
				GCC_WARN_UNDECLARED_SELECTOR = YES;
				GCC_WARN_UNINITIALIZED_AUTOS = YES_AGGRESSIVE;
				GCC_WARN_UNUSED_FUNCTION = YES;
				GCC_WARN_UNUSED_VARIABLE = YES;
				IPHONEOS_DEPLOYMENT_TARGET = 15.4;
				MTL_ENABLE_DEBUG_INFO = NO;
				MTL_FAST_MATH = YES;
				SDKROOT = iphoneos;
				SWIFT_COMPILATION_MODE = wholemodule;
				SWIFT_OPTIMIZATION_LEVEL = "-O";
				VALIDATE_PRODUCT = YES;
			};
			name = Release;
		};
		3521E90A2825DDAE00F27CAD /* Debug */ = {
			isa = XCBuildConfiguration;
			buildSettings = {
				ASSETCATALOG_COMPILER_APPICON_NAME = AppIcon;
				ASSETCATALOG_COMPILER_GLOBAL_ACCENT_COLOR_NAME = AccentColor;
				CODE_SIGN_STYLE = Automatic;
				CURRENT_PROJECT_VERSION = 1;
				DEVELOPMENT_TEAM = BS5VLXVPLJ;
				GENERATE_INFOPLIST_FILE = YES;
				INFOPLIST_FILE = NatureBook/Info.plist;
				INFOPLIST_KEY_UIApplicationSupportsIndirectInputEvents = YES;
				INFOPLIST_KEY_UILaunchStoryboardName = LaunchScreen;
				INFOPLIST_KEY_UIMainStoryboardFile = Main;
				INFOPLIST_KEY_UISupportedInterfaceOrientations_iPad = "UIInterfaceOrientationPortrait UIInterfaceOrientationPortraitUpsideDown UIInterfaceOrientationLandscapeLeft UIInterfaceOrientationLandscapeRight";
				INFOPLIST_KEY_UISupportedInterfaceOrientations_iPhone = "UIInterfaceOrientationPortrait UIInterfaceOrientationLandscapeLeft UIInterfaceOrientationLandscapeRight";
				LD_RUNPATH_SEARCH_PATHS = (
					"$(inherited)",
					"@executable_path/Frameworks",
				);
				MARKETING_VERSION = 1.0;
				PRODUCT_BUNDLE_IDENTIFIER = com.ornek.NatureBook;
				PRODUCT_NAME = "$(TARGET_NAME)";
				SWIFT_EMIT_LOC_STRINGS = YES;
				SWIFT_VERSION = 5.0;
				TARGETED_DEVICE_FAMILY = "1,2";
			};
			name = Debug;
		};
		3521E90B2825DDAE00F27CAD /* Release */ = {
			isa = XCBuildConfiguration;
			buildSettings = {
				ASSETCATALOG_COMPILER_APPICON_NAME = AppIcon;
				ASSETCATALOG_COMPILER_GLOBAL_ACCENT_COLOR_NAME = AccentColor;
				CODE_SIGN_STYLE = Automatic;
				CURRENT_PROJECT_VERSION = 1;
				DEVELOPMENT_TEAM = BS5VLXVPLJ;
				GENERATE_INFOPLIST_FILE = YES;
				INFOPLIST_FILE = NatureBook/Info.plist;
				INFOPLIST_KEY_UIApplicationSupportsIndirectInputEvents = YES;
				INFOPLIST_KEY_UILaunchStoryboardName = LaunchScreen;
				INFOPLIST_KEY_UIMainStoryboardFile = Main;
				INFOPLIST_KEY_UISupportedInterfaceOrientations_iPad = "UIInterfaceOrientationPortrait UIInterfaceOrientationPortraitUpsideDown UIInterfaceOrientationLandscapeLeft UIInterfaceOrientationLandscapeRight";
				INFOPLIST_KEY_UISupportedInterfaceOrientations_iPhone = "UIInterfaceOrientationPortrait UIInterfaceOrientationLandscapeLeft UIInterfaceOrientationLandscapeRight";
				LD_RUNPATH_SEARCH_PATHS = (
					"$(inherited)",
					"@executable_path/Frameworks",
				);
				MARKETING_VERSION = 1.0;
				PRODUCT_BUNDLE_IDENTIFIER = com.ornek.NatureBook;
				PRODUCT_NAME = "$(TARGET_NAME)";
				SWIFT_EMIT_LOC_STRINGS = YES;
				SWIFT_VERSION = 5.0;
				TARGETED_DEVICE_FAMILY = "1,2";
			};
			name = Release;
		};
/* End XCBuildConfiguration section */

/* Begin XCConfigurationList section */
		3521E8ED2825DDAC00F27CAD /* Build configuration list for PBXProject "NatureBook" */ = {
			isa = XCConfigurationList;
			buildConfigurations = (
				3521E9072825DDAE00F27CAD /* Debug */,
				3521E9082825DDAE00F27CAD /* Release */,
			);
			defaultConfigurationIsVisible = 0;
			defaultConfigurationName = Release;
		};
		3521E9092825DDAE00F27CAD /* Build configuration list for PBXNativeTarget "NatureBook" */ = {
			isa = XCConfigurationList;
			buildConfigurations = (
				3521E90A2825DDAE00F27CAD /* Debug */,
				3521E90B2825DDAE00F27CAD /* Release */,
			);
			defaultConfigurationIsVisible = 0;
			defaultConfigurationName = Release;
		};
/* End XCConfigurationList section */

/* Begin XCVersionGroup section */
		3521E8FE2825DDAC00F27CAD /* NatureBook.xcdatamodeld */ = {
			isa = XCVersionGroup;
			children = (
				3521E8FF2825DDAC00F27CAD /* NatureBook.xcdatamodel */,
			);
			currentVersion = 3521E8FF2825DDAC00F27CAD /* NatureBook.xcdatamodel */;
			path = NatureBook.xcdatamodeld;
			sourceTree = "<group>";
			versionGroupType = wrapper.xcdatamodel;
		};
/* End XCVersionGroup section */
	};
	rootObject = 3521E8EA2825DDAC00F27CAD /* Project object */;
}
